
Microsoft Visual Studio Solution File, Format Version 12.00
# Visual Studio Version 17
VisualStudioVersion = 17.11.35312.102
MinimumVisualStudioVersion = 10.0.40219.1
Project("{FAE04EC0-301F-11D3-BF4B-00C04F79EFBC}") = "DSP Mod Manager", "DSPModManager\DSP Mod Manager.csproj", "{060E6426-FF66-40C9-9569-6801E9F10704}"
EndProject
Project("{FAE04EC0-301F-11D3-BF4B-00C04F79EFBC}") = "Updata ModInfo", "UpdataModInfo\Updata ModInfo.csproj", "{AC6ADA9E-F745-4F8B-8FB3-D2E0EFF12461}"
EndProject
Global
	GlobalSection(SolutionConfigurationPlatforms) = preSolution
		Debug|Any CPU = Debug|Any CPU
		Release|Any CPU = Release|Any CPU
	EndGlobalSection
	GlobalSection(ProjectConfigurationPlatforms) = postSolution
		{060E6426-FF66-40C9-9569-6801E9F10704}.Debug|Any CPU.ActiveCfg = Debug|Any CPU
		{060E6426-FF66-40C9-9569-6801E9F10704}.Debug|Any CPU.Build.0 = Debug|Any CPU
		{060E6426-FF66-40C9-9569-6801E9F10704}.Release|Any CPU.ActiveCfg = Release|Any CPU
		{060E6426-FF66-40C9-9569-6801E9F10704}.Release|Any CPU.Build.0 = Release|Any CPU
		{AC6ADA9E-F745-4F8B-8FB3-D2E0EFF12461}.Debug|Any CPU.ActiveCfg = Debug|Any CPU
		{AC6ADA9E-F745-4F8B-8FB3-D2E0EFF12461}.Debug|Any CPU.Build.0 = Debug|Any CPU
		{AC6ADA9E-F745-4F8B-8FB3-D2E0EFF12461}.Release|Any CPU.ActiveCfg = Release|Any CPU
		{AC6ADA9E-F745-4F8B-8FB3-D2E0EFF12461}.Release|Any CPU.Build.0 = Release|Any CPU
	EndGlobalSection
	GlobalSection(SolutionProperties) = preSolution
		HideSolutionNode = FALSE
	EndGlobalSection
	GlobalSection(ExtensibilityGlobals) = postSolution
		SolutionGuid = {52540836-117F-4D97-AF60-548631E5A0F7}
	EndGlobalSection
EndGlobal
